
Microsoft Visual Studio Solution File, Format Version 12.00
# Visual Studio Version 17
VisualStudioVersion = 17.6.33829.357
MinimumVisualStudioVersion = 10.0.40219.1
Project("{FAE04EC0-301F-11D3-BF4B-00C04F79EFBC}") = "ConsoleApp1", "ConsoleApp1\ConsoleApp1.csproj", "{4A626447-CD2C-422C-9D08-21C4C0AFBAB8}"
EndProject
Project("{9A19103F-16F7-4668-BE54-9A1E7A4F7556}") = "_build", "..\build\_build.csproj", "{1492858D-2E18-4B5C-8984-C936BC7B6DCA}"
EndProject
Global
	GlobalSection(SolutionConfigurationPlatforms) = preSolution
		Debug|Any CPU = Debug|Any CPU
		Release|Any CPU = Release|Any CPU
	EndGlobalSection
	GlobalSection(ProjectConfigurationPlatforms) = postSolution
		{1492858D-2E18-4B5C-8984-C936BC7B6DCA}.Debug|Any CPU.ActiveCfg = Debug|Any CPU
		{1492858D-2E18-4B5C-8984-C936BC7B6DCA}.Release|Any CPU.ActiveCfg = Release|Any CPU
		{4A626447-CD2C-422C-9D08-21C4C0AFBAB8}.Debug|Any CPU.ActiveCfg = Debug|Any CPU
		{4A626447-CD2C-422C-9D08-21C4C0AFBAB8}.Debug|Any CPU.Build.0 = Debug|Any CPU
		{4A626447-CD2C-422C-9D08-21C4C0AFBAB8}.Release|Any CPU.ActiveCfg = Release|Any CPU
		{4A626447-CD2C-422C-9D08-21C4C0AFBAB8}.Release|Any CPU.Build.0 = Release|Any CPU
	EndGlobalSection
	GlobalSection(SolutionProperties) = preSolution
		HideSolutionNode = FALSE
	EndGlobalSection
	GlobalSection(ExtensibilityGlobals) = postSolution
		SolutionGuid = {0CFCF464-9A88-469C-9FC8-6D44D1EA5822}
	EndGlobalSection
EndGlobal
